// !$*UTF8*$!
{
	archiveVersion = 1;
	classes = {
	};
	objectVersion = 50;
	objects = {

/* Begin PBXBuildFile section */
		170978952353500E0028EDAC /* AppDelegate.swift in Sources */ = {isa = PBXBuildFile; fileRef = 170978942353500E0028EDAC /* AppDelegate.swift */; };
		170978972353500E0028EDAC /* SceneDelegate.swift in Sources */ = {isa = PBXBuildFile; fileRef = 170978962353500E0028EDAC /* SceneDelegate.swift */; };
		170978992353500E0028EDAC /* ViewController.swift in Sources */ = {isa = PBXBuildFile; fileRef = 170978982353500E0028EDAC /* ViewController.swift */; };
		1709789C2353500E0028EDAC /* Main.storyboard in Resources */ = {isa = PBXBuildFile; fileRef = 1709789A2353500E0028EDAC /* Main.storyboard */; };
		1709789E235350160028EDAC /* Assets.xcassets in Resources */ = {isa = PBXBuildFile; fileRef = 1709789D235350160028EDAC /* Assets.xcassets */; };
		170978A1235350160028EDAC /* LaunchScreen.storyboard in Resources */ = {isa = PBXBuildFile; fileRef = 1709789F235350160028EDAC /* LaunchScreen.storyboard */; };
		170978A9235350260028EDAC /* Player.swift in Sources */ = {isa = PBXBuildFile; fileRef = 170978A8235350260028EDAC /* Player.swift */; };
		C3F10CF6758B96C80F5449C6 /* Pods_OSC_Player.framework in Frameworks */ = {isa = PBXBuildFile; fileRef = 5EA39E5FD0735A23C51B84B4 /* Pods_OSC_Player.framework */; };
/* End PBXBuildFile section */

/* Begin PBXFileReference section */
		170978912353500E0028EDAC /* OSC Player.app */ = {isa = PBXFileReference; explicitFileType = wrapper.application; includeInIndex = 0; path = "OSC Player.app"; sourceTree = BUILT_PRODUCTS_DIR; };
		170978942353500E0028EDAC /* AppDelegate.swift */ = {isa = PBXFileReference; lastKnownFileType = sourcecode.swift; path = AppDelegate.swift; sourceTree = "<group>"; };
		170978962353500E0028EDAC /* SceneDelegate.swift */ = {isa = PBXFileReference; lastKnownFileType = sourcecode.swift; path = SceneDelegate.swift; sourceTree = "<group>"; };
		170978982353500E0028EDAC /* ViewController.swift */ = {isa = PBXFileReference; lastKnownFileType = sourcecode.swift; path = ViewController.swift; sourceTree = "<group>"; };
		1709789B2353500E0028EDAC /* Base */ = {isa = PBXFileReference; lastKnownFileType = file.storyboard; name = Base; path = Base.lproj/Main.storyboard; sourceTree = "<group>"; };
		1709789D235350160028EDAC /* Assets.xcassets */ = {isa = PBXFileReference; lastKnownFileType = folder.assetcatalog; path = Assets.xcassets; sourceTree = "<group>"; };
		170978A0235350160028EDAC /* Base */ = {isa = PBXFileReference; lastKnownFileType = file.storyboard; name = Base; path = Base.lproj/LaunchScreen.storyboard; sourceTree = "<group>"; };
		170978A2235350160028EDAC /* Info.plist */ = {isa = PBXFileReference; lastKnownFileType = text.plist.xml; path = Info.plist; sourceTree = "<group>"; };
		170978A8235350260028EDAC /* Player.swift */ = {isa = PBXFileReference; lastKnownFileType = sourcecode.swift; path = Player.swift; sourceTree = "<group>"; };
		4F7B502B49A1BFC59B24FCFD /* Pods-OSC Player.release.xcconfig */ = {isa = PBXFileReference; includeInIndex = 1; lastKnownFileType = text.xcconfig; name = "Pods-OSC Player.release.xcconfig"; path = "Target Support Files/Pods-OSC Player/Pods-OSC Player.release.xcconfig"; sourceTree = "<group>"; };
		5EA39E5FD0735A23C51B84B4 /* Pods_OSC_Player.framework */ = {isa = PBXFileReference; explicitFileType = wrapper.framework; includeInIndex = 0; path = Pods_OSC_Player.framework; sourceTree = BUILT_PRODUCTS_DIR; };
		800A6BAB97C1BB249C839FB2 /* Pods-OSC Player.debug.xcconfig */ = {isa = PBXFileReference; includeInIndex = 1; lastKnownFileType = text.xcconfig; name = "Pods-OSC Player.debug.xcconfig"; path = "Target Support Files/Pods-OSC Player/Pods-OSC Player.debug.xcconfig"; sourceTree = "<group>"; };
/* End PBXFileReference section */

/* Begin PBXFrameworksBuildPhase section */
		1709788E2353500E0028EDAC /* Frameworks */ = {
			isa = PBXFrameworksBuildPhase;
			buildActionMask = 2147483647;
			files = (
				C3F10CF6758B96C80F5449C6 /* Pods_OSC_Player.framework in Frameworks */,
			);
			runOnlyForDeploymentPostprocessing = 0;
		};
/* End PBXFrameworksBuildPhase section */

/* Begin PBXGroup section */
		15B15732BCFACCF5EC26C9E3 /* Frameworks */ = {
			isa = PBXGroup;
			children = (
				5EA39E5FD0735A23C51B84B4 /* Pods_OSC_Player.framework */,
			);
			name = Frameworks;
			sourceTree = "<group>";
		};
		170978882353500E0028EDAC = {
			isa = PBXGroup;
			children = (
				170978932353500E0028EDAC /* OSC Player */,
				170978922353500E0028EDAC /* Products */,
				D6FC4848F5245ED3ABC5FE00 /* Pods */,
				15B15732BCFACCF5EC26C9E3 /* Frameworks */,
			);
			sourceTree = "<group>";
		};
		170978922353500E0028EDAC /* Products */ = {
			isa = PBXGroup;
			children = (
				170978912353500E0028EDAC /* OSC Player.app */,
			);
			name = Products;
			sourceTree = "<group>";
		};
		170978932353500E0028EDAC /* OSC Player */ = {
			isa = PBXGroup;
			children = (
				170978942353500E0028EDAC /* AppDelegate.swift */,
				170978962353500E0028EDAC /* SceneDelegate.swift */,
				170978982353500E0028EDAC /* ViewController.swift */,
				170978A8235350260028EDAC /* Player.swift */,
				1709789A2353500E0028EDAC /* Main.storyboard */,
				1709789D235350160028EDAC /* Assets.xcassets */,
				1709789F235350160028EDAC /* LaunchScreen.storyboard */,
				170978A2235350160028EDAC /* Info.plist */,
			);
			path = "OSC Player";
			sourceTree = "<group>";
		};
		D6FC4848F5245ED3ABC5FE00 /* Pods */ = {
			isa = PBXGroup;
			children = (
				800A6BAB97C1BB249C839FB2 /* Pods-OSC Player.debug.xcconfig */,
				4F7B502B49A1BFC59B24FCFD /* Pods-OSC Player.release.xcconfig */,
			);
			name = Pods;
			path = Pods;
			sourceTree = "<group>";
		};
/* End PBXGroup section */

/* Begin PBXNativeTarget section */
		170978902353500E0028EDAC /* OSC Player */ = {
			isa = PBXNativeTarget;
			buildConfigurationList = 170978A5235350160028EDAC /* Build configuration list for PBXNativeTarget "OSC Player" */;
			buildPhases = (
				7B6E52D7CEE06EBDA91A7303 /* [CP] Check Pods Manifest.lock */,
				1709788D2353500E0028EDAC /* Sources */,
				1709788E2353500E0028EDAC /* Frameworks */,
				1709788F2353500E0028EDAC /* Resources */,
			);
			buildRules = (
			);
			dependencies = (
			);
			name = "OSC Player";
			productName = "OSC Player";
			productReference = 170978912353500E0028EDAC /* OSC Player.app */;
			productType = "com.apple.product-type.application";
		};
/* End PBXNativeTarget section */

/* Begin PBXProject section */
		170978892353500E0028EDAC /* Project object */ = {
			isa = PBXProject;
			attributes = {
				LastSwiftUpdateCheck = 1110;
				LastUpgradeCheck = 1110;
				ORGANIZATIONNAME = "Mark Jeschke";
				TargetAttributes = {
					170978902353500E0028EDAC = {
						CreatedOnToolsVersion = 11.1;
					};
				};
			};
			buildConfigurationList = 1709788C2353500E0028EDAC /* Build configuration list for PBXProject "OSC Player" */;
			compatibilityVersion = "Xcode 9.3";
			developmentRegion = en;
			hasScannedForEncodings = 0;
			knownRegions = (
				en,
				Base,
			);
			mainGroup = 170978882353500E0028EDAC;
			productRefGroup = 170978922353500E0028EDAC /* Products */;
			projectDirPath = "";
			projectRoot = "";
			targets = (
				170978902353500E0028EDAC /* OSC Player */,
			);
		};
/* End PBXProject section */

/* Begin PBXResourcesBuildPhase section */
		1709788F2353500E0028EDAC /* Resources */ = {
			isa = PBXResourcesBuildPhase;
			buildActionMask = 2147483647;
			files = (
				170978A1235350160028EDAC /* LaunchScreen.storyboard in Resources */,
				1709789E235350160028EDAC /* Assets.xcassets in Resources */,
				1709789C2353500E0028EDAC /* Main.storyboard in Resources */,
			);
			runOnlyForDeploymentPostprocessing = 0;
		};
/* End PBXResourcesBuildPhase section */

/* Begin PBXShellScriptBuildPhase section */
		7B6E52D7CEE06EBDA91A7303 /* [CP] Check Pods Manifest.lock */ = {
			isa = PBXShellScriptBuildPhase;
			buildActionMask = 2147483647;
			files = (
			);
			inputFileListPaths = (
			);
			inputPaths = (
				"${PODS_PODFILE_DIR_PATH}/Podfile.lock",
				"${PODS_ROOT}/Manifest.lock",
			);
			name = "[CP] Check Pods Manifest.lock";
			outputFileListPaths = (
			);
			outputPaths = (
				"$(DERIVED_FILE_DIR)/Pods-OSC Player-checkManifestLockResult.txt",
			);
			runOnlyForDeploymentPostprocessing = 0;
			shellPath = /bin/sh;
			shellScript = "diff \"${PODS_PODFILE_DIR_PATH}/Podfile.lock\" \"${PODS_ROOT}/Manifest.lock\" > /dev/null\nif [ $? != 0 ] ; then\n    # print error to STDERR\n    echo \"error: The sandbox is not in sync with the Podfile.lock. Run 'pod install' or update your CocoaPods installation.\" >&2\n    exit 1\nfi\n# This output is used by Xcode 'outputs' to avoid re-running this script phase.\necho \"SUCCESS\" > \"${SCRIPT_OUTPUT_FILE_0}\"\n";
			showEnvVarsInLog = 0;
		};
/* End PBXShellScriptBuildPhase section */

/* Begin PBXSourcesBuildPhase section */
		1709788D2353500E0028EDAC /* Sources */ = {
			isa = PBXSourcesBuildPhase;
			buildActionMask = 2147483647;
			files = (
				170978A9235350260028EDAC /* Player.swift in Sources */,
				170978992353500E0028EDAC /* ViewController.swift in Sources */,
				170978952353500E0028EDAC /* AppDelegate.swift in Sources */,
				170978972353500E0028EDAC /* SceneDelegate.swift in Sources */,
			);
			runOnlyForDeploymentPostprocessing = 0;
		};
/* End PBXSourcesBuildPhase section */

/* Begin PBXVariantGroup section */
		1709789A2353500E0028EDAC /* Main.storyboard */ = {
			isa = PBXVariantGroup;
			children = (
				1709789B2353500E0028EDAC /* Base */,
			);
			name = Main.storyboard;
			sourceTree = "<group>";
		};
		1709789F235350160028EDAC /* LaunchScreen.storyboard */ = {
			isa = PBXVariantGroup;
			children = (
				170978A0235350160028EDAC /* Base */,
			);
			name = LaunchScreen.storyboard;
			sourceTree = "<group>";
		};
/* End PBXVariantGroup section */

/* Begin XCBuildConfiguration section */
		170978A3235350160028EDAC /* Debug */ = {
			isa = XCBuildConfiguration;
			buildSettings = {
				ALWAYS_SEARCH_USER_PATHS = NO;
				CLANG_ANALYZER_NONNULL = YES;
				CLANG_ANALYZER_NUMBER_OBJECT_CONVERSION = YES_AGGRESSIVE;
				CLANG_CXX_LANGUAGE_STANDARD = "gnu++14";
				CLANG_CXX_LIBRARY = "libc++";
				CLANG_ENABLE_MODULES = YES;
				CLANG_ENABLE_OBJC_ARC = YES;
				CLANG_ENABLE_OBJC_WEAK = YES;
				CLANG_WARN_BLOCK_CAPTURE_AUTORELEASING = YES;
				CLANG_WARN_BOOL_CONVERSION = YES;
				CLANG_WARN_COMMA = YES;
				CLANG_WARN_CONSTANT_CONVERSION = YES;
				CLANG_WARN_DEPRECATED_OBJC_IMPLEMENTATIONS = YES;
				CLANG_WARN_DIRECT_OBJC_ISA_USAGE = YES_ERROR;
				CLANG_WARN_DOCUMENTATION_COMMENTS = YES;
				CLANG_WARN_EMPTY_BODY = YES;
				CLANG_WARN_ENUM_CONVERSION = YES;
				CLANG_WARN_INFINITE_RECURSION = YES;
				CLANG_WARN_INT_CONVERSION = YES;
				CLANG_WARN_NON_LITERAL_NULL_CONVERSION = YES;
				CLANG_WARN_OBJC_IMPLICIT_RETAIN_SELF = YES;
				CLANG_WARN_OBJC_LITERAL_CONVERSION = YES;
				CLANG_WARN_OBJC_ROOT_CLASS = YES_ERROR;
				CLANG_WARN_RANGE_LOOP_ANALYSIS = YES;
				CLANG_WARN_STRICT_PROTOTYPES = YES;
				CLANG_WARN_SUSPICIOUS_MOVE = YES;
				CLANG_WARN_UNGUARDED_AVAILABILITY = YES_AGGRESSIVE;
				CLANG_WARN_UNREACHABLE_CODE = YES;
				CLANG_WARN__DUPLICATE_METHOD_MATCH = YES;
				COPY_PHASE_STRIP = NO;
				DEBUG_INFORMATION_FORMAT = dwarf;
				ENABLE_STRICT_OBJC_MSGSEND = YES;
				ENABLE_TESTABILITY = YES;
				GCC_C_LANGUAGE_STANDARD = gnu11;
				GCC_DYNAMIC_NO_PIC = NO;
				GCC_NO_COMMON_BLOCKS = YES;
				GCC_OPTIMIZATION_LEVEL = 0;
				GCC_PREPROCESSOR_DEFINITIONS = (
					"DEBUG=1",
					"$(inherited)",
				);
				GCC_WARN_64_TO_32_BIT_CONVERSION = YES;
				GCC_WARN_ABOUT_RETURN_TYPE = YES_ERROR;
				GCC_WARN_UNDECLARED_SELECTOR = YES;
				GCC_WARN_UNINITIALIZED_AUTOS = YES_AGGRESSIVE;
				GCC_WARN_UNUSED_FUNCTION = YES;
				GCC_WARN_UNUSED_VARIABLE = YES;
				IPHONEOS_DEPLOYMENT_TARGET = 13.1;
				MTL_ENABLE_DEBUG_INFO = INCLUDE_SOURCE;
				MTL_FAST_MATH = YES;
				ONLY_ACTIVE_ARCH = YES;
				SDKROOT = iphoneos;
				SWIFT_ACTIVE_COMPILATION_CONDITIONS = DEBUG;
				SWIFT_OPTIMIZATION_LEVEL = "-Onone";
			};
			name = Debug;
		};
		170978A4235350160028EDAC /* Release */ = {
			isa = XCBuildConfiguration;
			buildSettings = {
				ALWAYS_SEARCH_USER_PATHS = NO;
				CLANG_ANALYZER_NONNULL = YES;
				CLANG_ANALYZER_NUMBER_OBJECT_CONVERSION = YES_AGGRESSIVE;
				CLANG_CXX_LANGUAGE_STANDARD = "gnu++14";
				CLANG_CXX_LIBRARY = "libc++";
				CLANG_ENABLE_MODULES = YES;
				CLANG_ENABLE_OBJC_ARC = YES;
				CLANG_ENABLE_OBJC_WEAK = YES;
				CLANG_WARN_BLOCK_CAPTURE_AUTORELEASING = YES;
				CLANG_WARN_BOOL_CONVERSION = YES;
				CLANG_WARN_COMMA = YES;
				CLANG_WARN_CONSTANT_CONVERSION = YES;
				CLANG_WARN_DEPRECATED_OBJC_IMPLEMENTATIONS = YES;
				CLANG_WARN_DIRECT_OBJC_ISA_USAGE = YES_ERROR;
				CLANG_WARN_DOCUMENTATION_COMMENTS = YES;
				CLANG_WARN_EMPTY_BODY = YES;
				CLANG_WARN_ENUM_CONVERSION = YES;
				CLANG_WARN_INFINITE_RECURSION = YES;
				CLANG_WARN_INT_CONVERSION = YES;
				CLANG_WARN_NON_LITERAL_NULL_CONVERSION = YES;
				CLANG_WARN_OBJC_IMPLICIT_RETAIN_SELF = YES;
				CLANG_WARN_OBJC_LITERAL_CONVERSION = YES;
				CLANG_WARN_OBJC_ROOT_CLASS = YES_ERROR;
				CLANG_WARN_RANGE_LOOP_ANALYSIS = YES;
				CLANG_WARN_STRICT_PROTOTYPES = YES;
				CLANG_WARN_SUSPICIOUS_MOVE = YES;
				CLANG_WARN_UNGUARDED_AVAILABILITY = YES_AGGRESSIVE;
				CLANG_WARN_UNREACHABLE_CODE = YES;
				CLANG_WARN__DUPLICATE_METHOD_MATCH = YES;
				COPY_PHASE_STRIP = NO;
				DEBUG_INFORMATION_FORMAT = "dwarf-with-dsym";
				ENABLE_NS_ASSERTIONS = NO;
				ENABLE_STRICT_OBJC_MSGSEND = YES;
				GCC_C_LANGUAGE_STANDARD = gnu11;
				GCC_NO_COMMON_BLOCKS = YES;
				GCC_WARN_64_TO_32_BIT_CONVERSION = YES;
				GCC_WARN_ABOUT_RETURN_TYPE = YES_ERROR;
				GCC_WARN_UNDECLARED_SELECTOR = YES;
				GCC_WARN_UNINITIALIZED_AUTOS = YES_AGGRESSIVE;
				GCC_WARN_UNUSED_FUNCTION = YES;
				GCC_WARN_UNUSED_VARIABLE = YES;
				IPHONEOS_DEPLOYMENT_TARGET = 13.1;
				MTL_ENABLE_DEBUG_INFO = NO;
				MTL_FAST_MATH = YES;
				SDKROOT = iphoneos;
				SWIFT_COMPILATION_MODE = wholemodule;
				SWIFT_OPTIMIZATION_LEVEL = "-O";
				VALIDATE_PRODUCT = YES;
			};
			name = Release;
		};
		170978A6235350160028EDAC /* Debug */ = {
			isa = XCBuildConfiguration;
			baseConfigurationReference = 800A6BAB97C1BB249C839FB2 /* Pods-OSC Player.debug.xcconfig */;
			buildSettings = {
				ASSETCATALOG_COMPILER_APPICON_NAME = AppIcon;
				CODE_SIGN_STYLE = Automatic;
				DEVELOPMENT_TEAM = D4Z52CBL7L;
				INFOPLIST_FILE = "OSC Player/Info.plist";
				LD_RUNPATH_SEARCH_PATHS = (
					"$(inherited)",
					"@executable_path/Frameworks",
				);
				PRODUCT_BUNDLE_IDENTIFIER = "com.oogamedia.OSC-Player";
				PRODUCT_NAME = "$(TARGET_NAME)";
				SWIFT_VERSION = 5.0;
				TARGETED_DEVICE_FAMILY = "1,2";
			};
			name = Debug;
		};
		170978A7235350160028EDAC /* Release */ = {
			isa = XCBuildConfiguration;
			baseConfigurationReference = 4F7B502B49A1BFC59B24FCFD /* Pods-OSC Player.release.xcconfig */;
			buildSettings = {
				ASSETCATALOG_COMPILER_APPICON_NAME = AppIcon;
				CODE_SIGN_STYLE = Automatic;
				DEVELOPMENT_TEAM = D4Z52CBL7L;
				INFOPLIST_FILE = "OSC Player/Info.plist";
				LD_RUNPATH_SEARCH_PATHS = (
					"$(inherited)",
					"@executable_path/Frameworks",
				);
				PRODUCT_BUNDLE_IDENTIFIER = "com.oogamedia.OSC-Player";
				PRODUCT_NAME = "$(TARGET_NAME)";
				SWIFT_VERSION = 5.0;
				TARGETED_DEVICE_FAMILY = "1,2";
			};
			name = Release;
		};
/* End XCBuildConfiguration section */

/* Begin XCConfigurationList section */
		1709788C2353500E0028EDAC /* Build configuration list for PBXProject "OSC Player" */ = {
			isa = XCConfigurationList;
			buildConfigurations = (
				170978A3235350160028EDAC /* Debug */,
				170978A4235350160028EDAC /* Release */,
			);
			defaultConfigurationIsVisible = 0;
			defaultConfigurationName = Release;
		};
		170978A5235350160028EDAC /* Build configuration list for PBXNativeTarget "OSC Player" */ = {
			isa = XCConfigurationList;
			buildConfigurations = (
				170978A6235350160028EDAC /* Debug */,
				170978A7235350160028EDAC /* Release */,
			);
			defaultConfigurationIsVisible = 0;
			defaultConfigurationName = Release;
		};
/* End XCConfigurationList section */
	};
	rootObject = 170978892353500E0028EDAC /* Project object */;
}
